dependencies:
- name: hydra
  repository: http://127.0.0.1:8879
  version: 0.5.0-alpha.1
- name: sharemgnt-single
  repository: http://127.0.0.1:8879
  version: 0.5.0-alpha.1
- name: user-management
  repository: http://127.0.0.1:8879
  version: 0.5.0-alpha.1
- name: sharemgnt
  repository: http://127.0.0.1:8879
  version: 0.5.0-alpha.1
- name: authentication
  repository: http://127.0.0.1:8879
  version: 0.5.0-alpha.1
- name: policy-management
  repository: http://127.0.0.1:8879
  version: 0.5.0-alpha.1
- name: audit-log
  repository: http://127.0.0.1:8879
  version: 0.5.0-alpha.1
- name: eacp
  repository: http://127.0.0.1:8879
  version: 0.5.0-alpha.1
- name: isfwebthrift
  repository: http://127.0.0.1:8879
  version: 0.5.0-alpha.1
- name: isfweb
  repository: http://127.0.0.1:8879
  version: 0.5.0-alpha.1
- name: authorization
  repository: http://127.0.0.1:8879
  version: 0.5.0-alpha.1
- name: ingress-informationsecurityfabric
  repository: http://127.0.0.1:8879
  version: 0.5.0-alpha.1
- name: oauth2-ui
  repository: http://127.0.0.1:8879
  version: 0.5.0-alpha.1
- name: agent-operator-integration
  repository: http://127.0.0.1:8879
  version: 0.5.0-alpha.1
- name: operator-web
  repository: http://127.0.0.1:8879
  version: 0.5.0-alpha.1
- name: agent-retrieval
  repository: http://127.0.0.1:8879
  version: 0.5.0-alpha.1
- name: data-retrieval
  repository: http://127.0.0.1:8879
  version: 0.5.0-alpha.1
- name: agent-backend
  repository: http://127.0.0.1:8879
  version: 0.5.0-alpha.1
- name: agent-web
  repository: http://127.0.0.1:8879
  version: 0.5.0-alpha.1
- name: coderunner
  repository: http://127.0.0.1:8879
  version: 0.5.0-alpha.1
- name: dataflow
  repository: http://127.0.0.1:8879
  version: 0.5.0-alpha.1
- name: bkn-backend
  repository: http://127.0.0.1:8879
  version: 0.5.0-alpha.1
- name: ontology-query
  repository: http://127.0.0.1:8879
  version: 0.5.0-alpha.1
- name: vega-web
  repository: http://127.0.0.1:8879
  version: 0.5.0-alpha.1
- name: data-connection
  repository: http://127.0.0.1:8879
  version: 0.5.0-alpha.1
- name: vega-gateway
  repository: http://127.0.0.1:8879
  version: 0.5.0-alpha.1
- name: vega-gateway-pro
  repository: http://127.0.0.1:8879
  version: 0.5.0-alpha.1
- name: mdl-data-model
  repository: http://127.0.0.1:8879
  version: 0.5.0-alpha.1
- name: mdl-uniquery
  repository: http://127.0.0.1:8879
  version: 0.5.0-alpha.1
- name: mdl-data-model-job
  repository: http://127.0.0.1:8879
  version: 0.5.0-alpha.1
- name: sandbox
  repository: http://127.0.0.1:8879
  version: 0.5.0-alpha.1
digest: sha256:3f7116ff1e033a2d0a2157eee6b26e45a6abcd04744e76a27faa1712a676a85f
generated: "2026-03-21T10:22:36.442959201+08:00"
