dependencies:
- name: agent-operator-integration
  repository: file://../../../../adp/execution-factory/operator-integration/helm/agent-operator-integration
  version: 0.2.0
- name: operator-web
  repository: file://../../../../adp/execution-factory/operator-web/charts/operator-web
  version: 2.0.0
- name: agent-retrieval
  repository: file://../../../../adp/context-loader/agent-retrieval/helm/agent-retrieval
  version: 1.0.0
- name: agent-backend
  repository: file://../../../../decision-agent/agent-backend/deploy/helm/agent-backend
  version: 1.0.0
- name: agent-web
  repository: file://../../../../decision-agent/agent-web/charts/agent-web
  version: 2.0.0
- name: coderunner
  repository: file://../../../../adp/dataflow/charts/coderunner
  version: 1.0.0
- name: dataflow
  repository: file://../../../../adp/dataflow/charts/dataflow
  version: 1.0.0
- name: ontology-query
  repository: file://../../../../adp/bkn/ontology-query/helm/ontology-query
  version: 6.0.0
- name: vega-web
  repository: file://../../../../adp/web/helm/vega-web
  version: 6.0.0
- name: data-connection
  repository: file://../../../../adp/vega/data-connection/helm/data-connection
  version: 1.0.0
- name: vega-gateway
  repository: file://../../../../adp/vega/vega-gateway/helm/vega-gateway
  version: 1.0.0-alpha
- name: vega-gateway-pro
  repository: file://../../../../adp/vega/vega-gateway-pro/helm/vega-gateway-pro
  version: 3.2.0
- name: mdl-data-model
  repository: file://../../../../adp/vega/mdl-data-model/helm/mdl-data-model
  version: 6.0.0
- name: mdl-uniquery
  repository: file://../../../../adp/vega/mdl-uniquery/helm/mdl-uniquery
  version: 6.0.0
- name: mdl-data-model-job
  repository: file://../../../../adp/vega/mdl-data-model-job/helm/mdl-data-model-job
  version: 6.0.0
digest: sha256:599917229988c6946f9f0418fabbef15f58943529e0234ec0b6ebb825e1e82bb
generated: "2026-03-18T18:36:07.881667789+08:00"
